
Microsoft Visual Studio Solution File, Format Version 12.00
# Visual Studio Version 17
Project("{8BC9CEB8-8B4A-11D0-8D11-00A0C91BC942}") = "ALL_BUILD", "ALL_BUILD.vcxproj", "{BC9974B9-23EB-353F-A98C-FE471984EE6E}"
	ProjectSection(ProjectDependencies) = postProject
		{7EF122CE-0A00-3B0B-A2BA-157A5F4A4B13} = {7EF122CE-0A00-3B0B-A2BA-157A5F4A4B13}
		{D8B36AE1-168F-36D7-957D-572126D30051} = {D8B36AE1-168F-36D7-957D-572126D30051}
	EndProjectSection
EndProject
Project("{8BC9CEB8-8B4A-11D0-8D11-00A0C91BC942}") = "GeodeBindings", "..\bindings\GeodeBindings.vcxproj", "{7EF122CE-0A00-3B0B-A2BA-157A5F4A4B13}"
	ProjectSection(ProjectDependencies) = postProject
		{D8B36AE1-168F-36D7-957D-572126D30051} = {D8B36AE1-168F-36D7-957D-572126D30051}
		{FE955256-C414-3087-9BFF-710EC434F007} = {FE955256-C414-3087-9BFF-710EC434F007}
	EndProjectSection
EndProject
Project("{8BC9CEB8-8B4A-11D0-8D11-00A0C91BC942}") = "INSTALL", "INSTALL.vcxproj", "{4652D4E4-6125-3F64-A155-517C07EAF127}"
	ProjectSection(ProjectDependencies) = postProject
		{BC9974B9-23EB-353F-A98C-FE471984EE6E} = {BC9974B9-23EB-353F-A98C-FE471984EE6E}
		{D8B36AE1-168F-36D7-957D-572126D30051} = {D8B36AE1-168F-36D7-957D-572126D30051}
	EndProjectSection
EndProject
Project("{8BC9CEB8-8B4A-11D0-8D11-00A0C91BC942}") = "ZERO_CHECK", "..\\ZERO_CHECK.vcxproj", "{D8B36AE1-168F-36D7-957D-572126D30051}"
	ProjectSection(ProjectDependencies) = postProject
	EndProjectSection
EndProject
Project("{8BC9CEB8-8B4A-11D0-8D11-00A0C91BC942}") = "fmt", "..\_deps\fmt-build\fmt.vcxproj", "{FE955256-C414-3087-9BFF-710EC434F007}"
	ProjectSection(ProjectDependencies) = postProject
		{D8B36AE1-168F-36D7-957D-572126D30051} = {D8B36AE1-168F-36D7-957D-572126D30051}
	EndProjectSection
EndProject
Global
	GlobalSection(SolutionConfigurationPlatforms) = preSolution
		Debug|x64 = Debug|x64
		Release|x64 = Release|x64
		MinSizeRel|x64 = MinSizeRel|x64
		RelWithDebInfo|x64 = RelWithDebInfo|x64
	EndGlobalSection
	GlobalSection(ProjectConfigurationPlatforms) = postSolution
		{BC9974B9-23EB-353F-A98C-FE471984EE6E}.Debug|x64.ActiveCfg = Debug|x64
		{BC9974B9-23EB-353F-A98C-FE471984EE6E}.Debug|x64.Build.0 = Debug|x64
		{BC9974B9-23EB-353F-A98C-FE471984EE6E}.Release|x64.ActiveCfg = Release|x64
		{BC9974B9-23EB-353F-A98C-FE471984EE6E}.Release|x64.Build.0 = Release|x64
		{BC9974B9-23EB-353F-A98C-FE471984EE6E}.MinSizeRel|x64.ActiveCfg = MinSizeRel|x64
		{BC9974B9-23EB-353F-A98C-FE471984EE6E}.MinSizeRel|x64.Build.0 = MinSizeRel|x64
		{BC9974B9-23EB-353F-A98C-FE471984EE6E}.RelWithDebInfo|x64.ActiveCfg = RelWithDebInfo|x64
		{BC9974B9-23EB-353F-A98C-FE471984EE6E}.RelWithDebInfo|x64.Build.0 = RelWithDebInfo|x64
		{7EF122CE-0A00-3B0B-A2BA-157A5F4A4B13}.Debug|x64.ActiveCfg = Debug|x64
		{7EF122CE-0A00-3B0B-A2BA-157A5F4A4B13}.Debug|x64.Build.0 = Debug|x64
		{7EF122CE-0A00-3B0B-A2BA-157A5F4A4B13}.Release|x64.ActiveCfg = Release|x64
		{7EF122CE-0A00-3B0B-A2BA-157A5F4A4B13}.Release|x64.Build.0 = Release|x64
		{7EF122CE-0A00-3B0B-A2BA-157A5F4A4B13}.MinSizeRel|x64.ActiveCfg = MinSizeRel|x64
		{7EF122CE-0A00-3B0B-A2BA-157A5F4A4B13}.MinSizeRel|x64.Build.0 = MinSizeRel|x64
		{7EF122CE-0A00-3B0B-A2BA-157A5F4A4B13}.RelWithDebInfo|x64.ActiveCfg = RelWithDebInfo|x64
		{7EF122CE-0A00-3B0B-A2BA-157A5F4A4B13}.RelWithDebInfo|x64.Build.0 = RelWithDebInfo|x64
		{4652D4E4-6125-3F64-A155-517C07EAF127}.Debug|x64.ActiveCfg = Debug|x64
		{4652D4E4-6125-3F64-A155-517C07EAF127}.Release|x64.ActiveCfg = Release|x64
		{4652D4E4-6125-3F64-A155-517C07EAF127}.MinSizeRel|x64.ActiveCfg = MinSizeRel|x64
		{4652D4E4-6125-3F64-A155-517C07EAF127}.RelWithDebInfo|x64.ActiveCfg = RelWithDebInfo|x64
		{D8B36AE1-168F-36D7-957D-572126D30051}.Debug|x64.ActiveCfg = Debug|x64
		{D8B36AE1-168F-36D7-957D-572126D30051}.Debug|x64.Build.0 = Debug|x64
		{D8B36AE1-168F-36D7-957D-572126D30051}.Release|x64.ActiveCfg = Release|x64
		{D8B36AE1-168F-36D7-957D-572126D30051}.Release|x64.Build.0 = Release|x64
		{D8B36AE1-168F-36D7-957D-572126D30051}.MinSizeRel|x64.ActiveCfg = MinSizeRel|x64
		{D8B36AE1-168F-36D7-957D-572126D30051}.MinSizeRel|x64.Build.0 = MinSizeRel|x64
		{D8B36AE1-168F-36D7-957D-572126D30051}.RelWithDebInfo|x64.ActiveCfg = RelWithDebInfo|x64
		{D8B36AE1-168F-36D7-957D-572126D30051}.RelWithDebInfo|x64.Build.0 = RelWithDebInfo|x64
		{FE955256-C414-3087-9BFF-710EC434F007}.Debug|x64.ActiveCfg = Debug|x64
		{FE955256-C414-3087-9BFF-710EC434F007}.Debug|x64.Build.0 = Debug|x64
		{FE955256-C414-3087-9BFF-710EC434F007}.Release|x64.ActiveCfg = Release|x64
		{FE955256-C414-3087-9BFF-710EC434F007}.Release|x64.Build.0 = Release|x64
		{FE955256-C414-3087-9BFF-710EC434F007}.MinSizeRel|x64.ActiveCfg = MinSizeRel|x64
		{FE955256-C414-3087-9BFF-710EC434F007}.MinSizeRel|x64.Build.0 = MinSizeRel|x64
		{FE955256-C414-3087-9BFF-710EC434F007}.RelWithDebInfo|x64.ActiveCfg = RelWithDebInfo|x64
		{FE955256-C414-3087-9BFF-710EC434F007}.RelWithDebInfo|x64.Build.0 = RelWithDebInfo|x64
	EndGlobalSection
	GlobalSection(ExtensibilityGlobals) = postSolution
		SolutionGuid = {505B7A17-0FE0-39F7-9F76-70745FAA0995}
	EndGlobalSection
	GlobalSection(ExtensibilityAddIns) = postSolution
	EndGlobalSection
EndGlobal
